# This file is automatically @generated by Cargo.
# It is not intended for manual editing.
version = 4

[[package]]
name = "gainlineup"
version = "0.1.0"
dependencies = [
 "rfconversions",
]

[[package]]
name = "rfconversions"
version = "0.1.1"
source = "registry+https://github.com/rust-lang/crates.io-index"
checksum = "6728a080ff891b5606ec6c2b4d26ca962251bf495a214aafba3eaf9c2d3f6f5d"
