# This file is automatically @generated by Cargo.
# It is not intended for manual editing.
version = 4

[[package]]
name = "gainlineup"
version = "0.1.0"
dependencies = [
 "rfconversions",
]

[[package]]
name = "rfconversions"
version = "0.2.0"
source = "registry+https://github.com/rust-lang/crates.io-index"
checksum = "13d9e0a4047d35dc5e46b9515778ddcf17f2556a59f9e29da27042b41d4cc348"
